// !$*UTF8*$!
{
	archiveVersion = 1;
	classes = {
	};
	objectVersion = 46;
	objects = {

/* Begin PBXBuildFile section */
		D28D6FDB1C8E7A6600671002 /* main.cpp in Sources */ = {isa = PBXBuildFile; fileRef = D28D6FDA1C8E7A6600671002 /* main.cpp */; };
/* End PBXBuildFile section */

/* Begin PBXCopyFilesBuildPhase section */
		D28D6FD51C8E7A6600671002 /* CopyFiles */ = {
			isa = PBXCopyFilesBuildPhase;
			buildActionMask = 2147483647;
			dstPath = /usr/share/man/man1/;
			dstSubfolderSpec = 0;
			files = (
			);
			runOnlyForDeploymentPostprocessing = 1;
		};
/* End PBXCopyFilesBuildPhase section */

/* Begin PBXFileReference section */
		D28D6FD71C8E7A6600671002 /* C++_Jiuzhang_L1_Subsets */ = {isa = PBXFileReference; explicitFileType = "compiled.mach-o.executable"; includeInIndex = 0; path = "C++_Jiuzhang_L1_Subsets"; sourceTree = BUILT_PRODUCTS_DIR; };
		D28D6FDA1C8E7A6600671002 /* main.cpp */ = {isa = PBXFileReference; lastKnownFileType = sourcecode.cpp.cpp; path = main.cpp; sourceTree = "<group>"; };
/* End PBXFileReference section */

/* Begin PBXFrameworksBuildPhase section */
		D28D6FD41C8E7A6600671002 /* Frameworks */ = {
			isa = PBXFrameworksBuildPhase;
			buildActionMask = 2147483647;
			files = (
			);
			runOnlyForDeploymentPostprocessing = 0;
		};
/* End PBXFrameworksBuildPhase section */

/* Begin PBXGroup section */
		D28D6FCE1C8E7A6600671002 = {
			isa = PBXGroup;
			children = (
				D28D6FD91C8E7A6600671002 /* C++_Jiuzhang_L1_Subsets */,
				D28D6FD81C8E7A6600671002 /* Products */,
			);
			sourceTree = "<group>";
		};
		D28D6FD81C8E7A6600671002 /* Products */ = {
			isa = PBXGroup;
			children = (
				D28D6FD71C8E7A6600671002 /* C++_Jiuzhang_L1_Subsets */,
			);
			name = Products;
			sourceTree = "<group>";
		};
		D28D6FD91C8E7A6600671002 /* C++_Jiuzhang_L1_Subsets */ = {
			isa = PBXGroup;
			children = (
				D28D6FDA1C8E7A6600671002 /* main.cpp */,
			);
			path = "C++_Jiuzhang_L1_Subsets";
			sourceTree = "<group>";
		};
/* End PBXGroup section */

/* Begin PBXNativeTarget section */
		D28D6FD61C8E7A6600671002 /* C++_Jiuzhang_L1_Subsets */ = {
			isa = PBXNativeTarget;
			buildConfigurationList = D28D6FDE1C8E7A6600671002 /* Build configuration list for PBXNativeTarget "C++_Jiuzhang_L1_Subsets" */;
			buildPhases = (
				D28D6FD31C8E7A6600671002 /* Sources */,
				D28D6FD41C8E7A6600671002 /* Frameworks */,
				D28D6FD51C8E7A6600671002 /* CopyFiles */,
			);
			buildRules = (
			);
			dependencies = (
			);
			name = "C++_Jiuzhang_L1_Subsets";
			productName = "C++_Jiuzhang_L1_Subsets";
			productReference = D28D6FD71C8E7A6600671002 /* C++_Jiuzhang_L1_Subsets */;
			productType = "com.apple.product-type.tool";
		};
/* End PBXNativeTarget section */

/* Begin PBXProject section */
		D28D6FCF1C8E7A6600671002 /* Project object */ = {
			isa = PBXProject;
			attributes = {
				LastUpgradeCheck = 0720;
				ORGANIZATIONNAME = "Xiang Xiao";
				TargetAttributes = {
					D28D6FD61C8E7A6600671002 = {
						CreatedOnToolsVersion = 7.2.1;
					};
				};
			};
			buildConfigurationList = D28D6FD21C8E7A6600671002 /* Build configuration list for PBXProject "C++_Jiuzhang_L1_Subsets" */;
			compatibilityVersion = "Xcode 3.2";
			developmentRegion = English;
			hasScannedForEncodings = 0;
			knownRegions = (
				en,
			);
			mainGroup = D28D6FCE1C8E7A6600671002;
			productRefGroup = D28D6FD81C8E7A6600671002 /* Products */;
			projectDirPath = "";
			projectRoot = "";
			targets = (
				D28D6FD61C8E7A6600671002 /* C++_Jiuzhang_L1_Subsets */,
			);
		};
/* End PBXProject section */

/* Begin PBXSourcesBuildPhase section */
		D28D6FD31C8E7A6600671002 /* Sources */ = {
			isa = PBXSourcesBuildPhase;
			buildActionMask = 2147483647;
			files = (
				D28D6FDB1C8E7A6600671002 /* main.cpp in Sources */,
			);
			runOnlyForDeploymentPostprocessing = 0;
		};
/* End PBXSourcesBuildPhase section */

/* Begin XCBuildConfiguration section */
		D28D6FDC1C8E7A6600671002 /* Debug */ = {
			isa = XCBuildConfiguration;
			buildSettings = {
				ALWAYS_SEARCH_USER_PATHS = NO;
				CLANG_CXX_LANGUAGE_STANDARD = "gnu++0x";
				CLANG_CXX_LIBRARY = "libc++";
				CLANG_ENABLE_MODULES = YES;
				CLANG_ENABLE_OBJC_ARC = YES;
				CLANG_WARN_BOOL_CONVERSION = YES;
				CLANG_WARN_CONSTANT_CONVERSION = YES;
				CLANG_WARN_DIRECT_OBJC_ISA_USAGE = YES_ERROR;
				CLANG_WARN_EMPTY_BODY = YES;
				CLANG_WARN_ENUM_CONVERSION = YES;
				CLANG_WARN_INT_CONVERSION = YES;
				CLANG_WARN_OBJC_ROOT_CLASS = YES_ERROR;
				CLANG_WARN_UNREACHABLE_CODE = YES;
				CLANG_WARN__DUPLICATE_METHOD_MATCH = YES;
				CODE_SIGN_IDENTITY = "-";
				COPY_PHASE_STRIP = NO;
				DEBUG_INFORMATION_FORMAT = dwarf;
				ENABLE_STRICT_OBJC_MSGSEND = YES;
				ENABLE_TESTABILITY = YES;
				GCC_C_LANGUAGE_STANDARD = gnu99;
				GCC_DYNAMIC_NO_PIC = NO;
				GCC_NO_COMMON_BLOCKS = YES;
				GCC_OPTIMIZATION_LEVEL = 0;
				GCC_PREPROCESSOR_DEFINITIONS = (
					"DEBUG=1",
					"$(inherited)",
				);
				GCC_WARN_64_TO_32_BIT_CONVERSION = YES;
				GCC_WARN_ABOUT_RETURN_TYPE = YES_ERROR;
				GCC_WARN_UNDECLARED_SELECTOR = YES;
				GCC_WARN_UNINITIALIZED_AUTOS = YES_AGGRESSIVE;
				GCC_WARN_UNUSED_FUNCTION = YES;
				GCC_WARN_UNUSED_VARIABLE = YES;
				MACOSX_DEPLOYMENT_TARGET = 10.11;
				MTL_ENABLE_DEBUG_INFO = YES;
				ONLY_ACTIVE_ARCH = YES;
				SDKROOT = macosx;
			};
			name = Debug;
		};
		D28D6FDD1C8E7A6600671002 /* Release */ = {
			isa = XCBuildConfiguration;
			buildSettings = {
				ALWAYS_SEARCH_USER_PATHS = NO;
				CLANG_CXX_LANGUAGE_STANDARD = "gnu++0x";
				CLANG_CXX_LIBRARY = "libc++";
				CLANG_ENABLE_MODULES = YES;
				CLANG_ENABLE_OBJC_ARC = YES;
				CLANG_WARN_BOOL_CONVERSION = YES;
				CLANG_WARN_CONSTANT_CONVERSION = YES;
				CLANG_WARN_DIRECT_OBJC_ISA_USAGE = YES_ERROR;
				CLANG_WARN_EMPTY_BODY = YES;
				CLANG_WARN_ENUM_CONVERSION = YES;
				CLANG_WARN_INT_CONVERSION = YES;
				CLANG_WARN_OBJC_ROOT_CLASS = YES_ERROR;
				CLANG_WARN_UNREACHABLE_CODE = YES;
				CLANG_WARN__DUPLICATE_METHOD_MATCH = YES;
				CODE_SIGN_IDENTITY = "-";
				COPY_PHASE_STRIP = NO;
				DEBUG_INFORMATION_FORMAT = "dwarf-with-dsym";
				ENABLE_NS_ASSERTIONS = NO;
				ENABLE_STRICT_OBJC_MSGSEND = YES;
				GCC_C_LANGUAGE_STANDARD = gnu99;
				GCC_NO_COMMON_BLOCKS = YES;
				GCC_WARN_64_TO_32_BIT_CONVERSION = YES;
				GCC_WARN_ABOUT_RETURN_TYPE = YES_ERROR;
				GCC_WARN_UNDECLARED_SELECTOR = YES;
				GCC_WARN_UNINITIALIZED_AUTOS = YES_AGGRESSIVE;
				GCC_WARN_UNUSED_FUNCTION = YES;
				GCC_WARN_UNUSED_VARIABLE = YES;
				MACOSX_DEPLOYMENT_TARGET = 10.11;
				MTL_ENABLE_DEBUG_INFO = NO;
				SDKROOT = macosx;
			};
			name = Release;
		};
		D28D6FDF1C8E7A6600671002 /* Debug */ = {
			isa = XCBuildConfiguration;
			buildSettings = {
				PRODUCT_NAME = "$(TARGET_NAME)";
			};
			name = Debug;
		};
		D28D6FE01C8E7A6600671002 /* Release */ = {
			isa = XCBuildConfiguration;
			buildSettings = {
				PRODUCT_NAME = "$(TARGET_NAME)";
			};
			name = Release;
		};
/* End XCBuildConfiguration section */

/* Begin XCConfigurationList section */
		D28D6FD21C8E7A6600671002 /* Build configuration list for PBXProject "C++_Jiuzhang_L1_Subsets" */ = {
			isa = XCConfigurationList;
			buildConfigurations = (
				D28D6FDC1C8E7A6600671002 /* Debug */,
				D28D6FDD1C8E7A6600671002 /* Release */,
			);
			defaultConfigurationIsVisible = 0;
			defaultConfigurationName = Release;
		};
		D28D6FDE1C8E7A6600671002 /* Build configuration list for PBXNativeTarget "C++_Jiuzhang_L1_Subsets" */ = {
			isa = XCConfigurationList;
			buildConfigurations = (
				D28D6FDF1C8E7A6600671002 /* Debug */,
				D28D6FE01C8E7A6600671002 /* Release */,
			);
			defaultConfigurationIsVisible = 0;
		};
/* End XCConfigurationList section */
	};
	rootObject = D28D6FCF1C8E7A6600671002 /* Project object */;
}
